// !$*UTF8*$!
{
	archiveVersion = 1;
	classes = {
	};
	objectVersion = 55;
	objects = {

/* Begin PBXBuildFile section */
		DCAE7AD028EE742900B221C6 /* Functions.swift in Sources */ = {isa = PBXBuildFile; fileRef = DCAE7ACF28EE742900B221C6 /* Functions.swift */; };
		DCAE7AD228EE858400B221C6 /* Circle.swift in Sources */ = {isa = PBXBuildFile; fileRef = DCAE7AD128EE858400B221C6 /* Circle.swift */; };
		DCAE7AD628EE8DFB00B221C6 /* Square.swift in Sources */ = {isa = PBXBuildFile; fileRef = DCAE7AD528EE8DFB00B221C6 /* Square.swift */; };
		DCAE7AD828EE924300B221C6 /* Triangle.swift in Sources */ = {isa = PBXBuildFile; fileRef = DCAE7AD728EE924300B221C6 /* Triangle.swift */; };
		DCCD414A28EDDD2F0075FD0F /* AppDelegate.swift in Sources */ = {isa = PBXBuildFile; fileRef = DCCD414928EDDD2F0075FD0F /* AppDelegate.swift */; };
		DCCD414C28EDDD2F0075FD0F /* SceneDelegate.swift in Sources */ = {isa = PBXBuildFile; fileRef = DCCD414B28EDDD2F0075FD0F /* SceneDelegate.swift */; };
		DCCD414E28EDDD2F0075FD0F /* ViewController.swift in Sources */ = {isa = PBXBuildFile; fileRef = DCCD414D28EDDD2F0075FD0F /* ViewController.swift */; };
		DCCD415128EDDD2F0075FD0F /* Main.storyboard in Resources */ = {isa = PBXBuildFile; fileRef = DCCD414F28EDDD2F0075FD0F /* Main.storyboard */; };
		DCCD415328EDDD310075FD0F /* Assets.xcassets in Resources */ = {isa = PBXBuildFile; fileRef = DCCD415228EDDD310075FD0F /* Assets.xcassets */; };
		DCCD415628EDDD310075FD0F /* LaunchScreen.storyboard in Resources */ = {isa = PBXBuildFile; fileRef = DCCD415428EDDD310075FD0F /* LaunchScreen.storyboard */; };
		DCCD415E28EDDD410075FD0F /* Shape.swift in Sources */ = {isa = PBXBuildFile; fileRef = DCCD415D28EDDD410075FD0F /* Shape.swift */; };
		DCCD416028EDDD490075FD0F /* DrawingItem.swift in Sources */ = {isa = PBXBuildFile; fileRef = DCCD415F28EDDD490075FD0F /* DrawingItem.swift */; };
		DCCD416228EDDD4F0075FD0F /* DrawingView.swift in Sources */ = {isa = PBXBuildFile; fileRef = DCCD416128EDDD4F0075FD0F /* DrawingView.swift */; };
/* End PBXBuildFile section */

/* Begin PBXFileReference section */
		DCAE7ACF28EE742900B221C6 /* Functions.swift */ = {isa = PBXFileReference; lastKnownFileType = sourcecode.swift; path = Functions.swift; sourceTree = "<group>"; };
		DCAE7AD128EE858400B221C6 /* Circle.swift */ = {isa = PBXFileReference; fileEncoding = 4; lastKnownFileType = sourcecode.swift; path = Circle.swift; sourceTree = "<group>"; };
		DCAE7AD528EE8DFB00B221C6 /* Square.swift */ = {isa = PBXFileReference; lastKnownFileType = sourcecode.swift; path = Square.swift; sourceTree = "<group>"; };
		DCAE7AD728EE924300B221C6 /* Triangle.swift */ = {isa = PBXFileReference; lastKnownFileType = sourcecode.swift; path = Triangle.swift; sourceTree = "<group>"; };
		DCCD414628EDDD2F0075FD0F /* JakeConniff-Lab3.app */ = {isa = PBXFileReference; explicitFileType = wrapper.application; includeInIndex = 0; path = "JakeConniff-Lab3.app"; sourceTree = BUILT_PRODUCTS_DIR; };
		DCCD414928EDDD2F0075FD0F /* AppDelegate.swift */ = {isa = PBXFileReference; lastKnownFileType = sourcecode.swift; path = AppDelegate.swift; sourceTree = "<group>"; };
		DCCD414B28EDDD2F0075FD0F /* SceneDelegate.swift */ = {isa = PBXFileReference; lastKnownFileType = sourcecode.swift; path = SceneDelegate.swift; sourceTree = "<group>"; };
		DCCD414D28EDDD2F0075FD0F /* ViewController.swift */ = {isa = PBXFileReference; lastKnownFileType = sourcecode.swift; path = ViewController.swift; sourceTree = "<group>"; };
		DCCD415028EDDD2F0075FD0F /* Base */ = {isa = PBXFileReference; lastKnownFileType = file.storyboard; name = Base; path = Base.lproj/Main.storyboard; sourceTree = "<group>"; };
		DCCD415228EDDD310075FD0F /* Assets.xcassets */ = {isa = PBXFileReference; lastKnownFileType = folder.assetcatalog; path = Assets.xcassets; sourceTree = "<group>"; };
		DCCD415528EDDD310075FD0F /* Base */ = {isa = PBXFileReference; lastKnownFileType = file.storyboard; name = Base; path = Base.lproj/LaunchScreen.storyboard; sourceTree = "<group>"; };
		DCCD415728EDDD310075FD0F /* Info.plist */ = {isa = PBXFileReference; lastKnownFileType = text.plist.xml; path = Info.plist; sourceTree = "<group>"; };
		DCCD415D28EDDD410075FD0F /* Shape.swift */ = {isa = PBXFileReference; fileEncoding = 4; lastKnownFileType = sourcecode.swift; path = Shape.swift; sourceTree = "<group>"; };
		DCCD415F28EDDD490075FD0F /* DrawingItem.swift */ = {isa = PBXFileReference; fileEncoding = 4; lastKnownFileType = sourcecode.swift; path = DrawingItem.swift; sourceTree = "<group>"; };
		DCCD416128EDDD4F0075FD0F /* DrawingView.swift */ = {isa = PBXFileReference; fileEncoding = 4; lastKnownFileType = sourcecode.swift; path = DrawingView.swift; sourceTree = "<group>"; };
/* End PBXFileReference section */

/* Begin PBXFrameworksBuildPhase section */
		DCCD414328EDDD2F0075FD0F /* Frameworks */ = {
			isa = PBXFrameworksBuildPhase;
			buildActionMask = 2147483647;
			files = (
			);
			runOnlyForDeploymentPostprocessing = 0;
		};
/* End PBXFrameworksBuildPhase section */

/* Begin PBXGroup section */
		DCCD413D28EDDD2F0075FD0F = {
			isa = PBXGroup;
			children = (
				DCCD414828EDDD2F0075FD0F /* JakeConniff-Lab3 */,
				DCCD414728EDDD2F0075FD0F /* Products */,
			);
			sourceTree = "<group>";
		};
		DCCD414728EDDD2F0075FD0F /* Products */ = {
			isa = PBXGroup;
			children = (
				DCCD414628EDDD2F0075FD0F /* JakeConniff-Lab3.app */,
			);
			name = Products;
			sourceTree = "<group>";
		};
		DCCD414828EDDD2F0075FD0F /* JakeConniff-Lab3 */ = {
			isa = PBXGroup;
			children = (
				DCCD414928EDDD2F0075FD0F /* AppDelegate.swift */,
				DCCD414B28EDDD2F0075FD0F /* SceneDelegate.swift */,
				DCCD414D28EDDD2F0075FD0F /* ViewController.swift */,
				DCAE7AD728EE924300B221C6 /* Triangle.swift */,
				DCCD416128EDDD4F0075FD0F /* DrawingView.swift */,
				DCCD415F28EDDD490075FD0F /* DrawingItem.swift */,
				DCCD415D28EDDD410075FD0F /* Shape.swift */,
				DCAE7AD528EE8DFB00B221C6 /* Square.swift */,
				DCCD414F28EDDD2F0075FD0F /* Main.storyboard */,
				DCAE7ACF28EE742900B221C6 /* Functions.swift */,
				DCCD415228EDDD310075FD0F /* Assets.xcassets */,
				DCCD415428EDDD310075FD0F /* LaunchScreen.storyboard */,
				DCCD415728EDDD310075FD0F /* Info.plist */,
				DCAE7AD128EE858400B221C6 /* Circle.swift */,
			);
			path = "JakeConniff-Lab3";
			sourceTree = "<group>";
		};
/* End PBXGroup section */

/* Begin PBXNativeTarget section */
		DCCD414528EDDD2F0075FD0F /* JakeConniff-Lab3 */ = {
			isa = PBXNativeTarget;
			buildConfigurationList = DCCD415A28EDDD310075FD0F /* Build configuration list for PBXNativeTarget "JakeConniff-Lab3" */;
			buildPhases = (
				DCCD414228EDDD2F0075FD0F /* Sources */,
				DCCD414328EDDD2F0075FD0F /* Frameworks */,
				DCCD414428EDDD2F0075FD0F /* Resources */,
			);
			buildRules = (
			);
			dependencies = (
			);
			name = "JakeConniff-Lab3";
			productName = "JakeConniff-Lab3";
			productReference = DCCD414628EDDD2F0075FD0F /* JakeConniff-Lab3.app */;
			productType = "com.apple.product-type.application";
		};
/* End PBXNativeTarget section */

/* Begin PBXProject section */
		DCCD413E28EDDD2F0075FD0F /* Project object */ = {
			isa = PBXProject;
			attributes = {
				BuildIndependentTargetsInParallel = 1;
				LastSwiftUpdateCheck = 1340;
				LastUpgradeCheck = 1340;
				TargetAttributes = {
					DCCD414528EDDD2F0075FD0F = {
						CreatedOnToolsVersion = 13.4.1;
					};
				};
			};
			buildConfigurationList = DCCD414128EDDD2F0075FD0F /* Build configuration list for PBXProject "JakeConniff-Lab3" */;
			compatibilityVersion = "Xcode 13.0";
			developmentRegion = en;
			hasScannedForEncodings = 0;
			knownRegions = (
				en,
				Base,
			);
			mainGroup = DCCD413D28EDDD2F0075FD0F;
			productRefGroup = DCCD414728EDDD2F0075FD0F /* Products */;
			projectDirPath = "";
			projectRoot = "";
			targets = (
				DCCD414528EDDD2F0075FD0F /* JakeConniff-Lab3 */,
			);
		};
/* End PBXProject section */

/* Begin PBXResourcesBuildPhase section */
		DCCD414428EDDD2F0075FD0F /* Resources */ = {
			isa = PBXResourcesBuildPhase;
			buildActionMask = 2147483647;
			files = (
				DCCD415628EDDD310075FD0F /* LaunchScreen.storyboard in Resources */,
				DCCD415328EDDD310075FD0F /* Assets.xcassets in Resources */,
				DCCD415128EDDD2F0075FD0F /* Main.storyboard in Resources */,
			);
			runOnlyForDeploymentPostprocessing = 0;
		};
/* End PBXResourcesBuildPhase section */

/* Begin PBXSourcesBuildPhase section */
		DCCD414228EDDD2F0075FD0F /* Sources */ = {
			isa = PBXSourcesBuildPhase;
			buildActionMask = 2147483647;
			files = (
				DCAE7AD628EE8DFB00B221C6 /* Square.swift in Sources */,
				DCCD414E28EDDD2F0075FD0F /* ViewController.swift in Sources */,
				DCAE7AD228EE858400B221C6 /* Circle.swift in Sources */,
				DCCD414A28EDDD2F0075FD0F /* AppDelegate.swift in Sources */,
				DCCD414C28EDDD2F0075FD0F /* SceneDelegate.swift in Sources */,
				DCAE7AD028EE742900B221C6 /* Functions.swift in Sources */,
				DCAE7AD828EE924300B221C6 /* Triangle.swift in Sources */,
				DCCD416228EDDD4F0075FD0F /* DrawingView.swift in Sources */,
				DCCD416028EDDD490075FD0F /* DrawingItem.swift in Sources */,
				DCCD415E28EDDD410075FD0F /* Shape.swift in Sources */,
			);
			runOnlyForDeploymentPostprocessing = 0;
		};
/* End PBXSourcesBuildPhase section */

/* Begin PBXVariantGroup section */
		DCCD414F28EDDD2F0075FD0F /* Main.storyboard */ = {
			isa = PBXVariantGroup;
			children = (
				DCCD415028EDDD2F0075FD0F /* Base */,
			);
			name = Main.storyboard;
			sourceTree = "<group>";
		};
		DCCD415428EDDD310075FD0F /* LaunchScreen.storyboard */ = {
			isa = PBXVariantGroup;
			children = (
				DCCD415528EDDD310075FD0F /* Base */,
			);
			name = LaunchScreen.storyboard;
			sourceTree = "<group>";
		};
/* End PBXVariantGroup section */

/* Begin XCBuildConfiguration section */
		DCCD415828EDDD310075FD0F /* Debug */ = {
			isa = XCBuildConfiguration;
			buildSettings = {
				ALWAYS_SEARCH_USER_PATHS = NO;
				CLANG_ANALYZER_NONNULL = YES;
				CLANG_ANALYZER_NUMBER_OBJECT_CONVERSION = YES_AGGRESSIVE;
				CLANG_CXX_LANGUAGE_STANDARD = "gnu++17";
				CLANG_ENABLE_MODULES = YES;
				CLANG_ENABLE_OBJC_ARC = YES;
				CLANG_ENABLE_OBJC_WEAK = YES;
				CLANG_WARN_BLOCK_CAPTURE_AUTORELEASING = YES;
				CLANG_WARN_BOOL_CONVERSION = YES;
				CLANG_WARN_COMMA = YES;
				CLANG_WARN_CONSTANT_CONVERSION = YES;
				CLANG_WARN_DEPRECATED_OBJC_IMPLEMENTATIONS = YES;
				CLANG_WARN_DIRECT_OBJC_ISA_USAGE = YES_ERROR;
				CLANG_WARN_DOCUMENTATION_COMMENTS = YES;
				CLANG_WARN_EMPTY_BODY = YES;
				CLANG_WARN_ENUM_CONVERSION = YES;
				CLANG_WARN_INFINITE_RECURSION = YES;
				CLANG_WARN_INT_CONVERSION = YES;
				CLANG_WARN_NON_LITERAL_NULL_CONVERSION = YES;
				CLANG_WARN_OBJC_IMPLICIT_RETAIN_SELF = YES;
				CLANG_WARN_OBJC_LITERAL_CONVERSION = YES;
				CLANG_WARN_OBJC_ROOT_CLASS = YES_ERROR;
				CLANG_WARN_QUOTED_INCLUDE_IN_FRAMEWORK_HEADER = YES;
				CLANG_WARN_RANGE_LOOP_ANALYSIS = YES;
				CLANG_WARN_STRICT_PROTOTYPES = YES;
				CLANG_WARN_SUSPICIOUS_MOVE = YES;
				CLANG_WARN_UNGUARDED_AVAILABILITY = YES_AGGRESSIVE;
				CLANG_WARN_UNREACHABLE_CODE = YES;
				CLANG_WARN__DUPLICATE_METHOD_MATCH = YES;
				COPY_PHASE_STRIP = NO;
				DEBUG_INFORMATION_FORMAT = dwarf;
				ENABLE_STRICT_OBJC_MSGSEND = YES;
				ENABLE_TESTABILITY = YES;
				GCC_C_LANGUAGE_STANDARD = gnu11;
				GCC_DYNAMIC_NO_PIC = NO;
				GCC_NO_COMMON_BLOCKS = YES;
				GCC_OPTIMIZATION_LEVEL = 0;
				GCC_PREPROCESSOR_DEFINITIONS = (
					"DEBUG=1",
					"$(inherited)",
				);
				GCC_WARN_64_TO_32_BIT_CONVERSION = YES;
				GCC_WARN_ABOUT_RETURN_TYPE = YES_ERROR;
				GCC_WARN_UNDECLARED_SELECTOR = YES;
				GCC_WARN_UNINITIALIZED_AUTOS = YES_AGGRESSIVE;
				GCC_WARN_UNUSED_FUNCTION = YES;
				GCC_WARN_UNUSED_VARIABLE = YES;
				IPHONEOS_DEPLOYMENT_TARGET = 15.5;
				MTL_ENABLE_DEBUG_INFO = INCLUDE_SOURCE;
				MTL_FAST_MATH = YES;
				ONLY_ACTIVE_ARCH = YES;
				SDKROOT = iphoneos;
				SWIFT_ACTIVE_COMPILATION_CONDITIONS = DEBUG;
				SWIFT_OPTIMIZATION_LEVEL = "-Onone";
			};
			name = Debug;
		};
		DCCD415928EDDD310075FD0F /* Release */ = {
			isa = XCBuildConfiguration;
			buildSettings = {
				ALWAYS_SEARCH_USER_PATHS = NO;
				CLANG_ANALYZER_NONNULL = YES;
				CLANG_ANALYZER_NUMBER_OBJECT_CONVERSION = YES_AGGRESSIVE;
				CLANG_CXX_LANGUAGE_STANDARD = "gnu++17";
				CLANG_ENABLE_MODULES = YES;
				CLANG_ENABLE_OBJC_ARC = YES;
				CLANG_ENABLE_OBJC_WEAK = YES;
				CLANG_WARN_BLOCK_CAPTURE_AUTORELEASING = YES;
				CLANG_WARN_BOOL_CONVERSION = YES;
				CLANG_WARN_COMMA = YES;
				CLANG_WARN_CONSTANT_CONVERSION = YES;
				CLANG_WARN_DEPRECATED_OBJC_IMPLEMENTATIONS = YES;
				CLANG_WARN_DIRECT_OBJC_ISA_USAGE = YES_ERROR;
				CLANG_WARN_DOCUMENTATION_COMMENTS = YES;
				CLANG_WARN_EMPTY_BODY = YES;
				CLANG_WARN_ENUM_CONVERSION = YES;
				CLANG_WARN_INFINITE_RECURSION = YES;
				CLANG_WARN_INT_CONVERSION = YES;
				CLANG_WARN_NON_LITERAL_NULL_CONVERSION = YES;
				CLANG_WARN_OBJC_IMPLICIT_RETAIN_SELF = YES;
				CLANG_WARN_OBJC_LITERAL_CONVERSION = YES;
				CLANG_WARN_OBJC_ROOT_CLASS = YES_ERROR;
				CLANG_WARN_QUOTED_INCLUDE_IN_FRAMEWORK_HEADER = YES;
				CLANG_WARN_RANGE_LOOP_ANALYSIS = YES;
				CLANG_WARN_STRICT_PROTOTYPES = YES;
				CLANG_WARN_SUSPICIOUS_MOVE = YES;
				CLANG_WARN_UNGUARDED_AVAILABILITY = YES_AGGRESSIVE;
				CLANG_WARN_UNREACHABLE_CODE = YES;
				CLANG_WARN__DUPLICATE_METHOD_MATCH = YES;
				COPY_PHASE_STRIP = NO;
				DEBUG_INFORMATION_FORMAT = "dwarf-with-dsym";
				ENABLE_NS_ASSERTIONS = NO;
				ENABLE_STRICT_OBJC_MSGSEND = YES;
				GCC_C_LANGUAGE_STANDARD = gnu11;
				GCC_NO_COMMON_BLOCKS = YES;
				GCC_WARN_64_TO_32_BIT_CONVERSION = YES;
				GCC_WARN_ABOUT_RETURN_TYPE = YES_ERROR;
				GCC_WARN_UNDECLARED_SELECTOR = YES;
				GCC_WARN_UNINITIALIZED_AUTOS = YES_AGGRESSIVE;
				GCC_WARN_UNUSED_FUNCTION = YES;
				GCC_WARN_UNUSED_VARIABLE = YES;
				IPHONEOS_DEPLOYMENT_TARGET = 15.5;
				MTL_ENABLE_DEBUG_INFO = NO;
				MTL_FAST_MATH = YES;
				SDKROOT = iphoneos;
				SWIFT_COMPILATION_MODE = wholemodule;
				SWIFT_OPTIMIZATION_LEVEL = "-O";
				VALIDATE_PRODUCT = YES;
			};
			name = Release;
		};
		DCCD415B28EDDD310075FD0F /* Debug */ = {
			isa = XCBuildConfiguration;
			buildSettings = {
				ASSETCATALOG_COMPILER_APPICON_NAME = AppIcon;
				ASSETCATALOG_COMPILER_GLOBAL_ACCENT_COLOR_NAME = AccentColor;
				CODE_SIGN_STYLE = Automatic;
				CURRENT_PROJECT_VERSION = 1;
				GENERATE_INFOPLIST_FILE = YES;
				INFOPLIST_FILE = "JakeConniff-Lab3/Info.plist";
				INFOPLIST_KEY_UIApplicationSupportsIndirectInputEvents = YES;
				INFOPLIST_KEY_UILaunchStoryboardName = LaunchScreen;
				INFOPLIST_KEY_UIMainStoryboardFile = Main;
				INFOPLIST_KEY_UISupportedInterfaceOrientations_iPad = "UIInterfaceOrientationPortrait UIInterfaceOrientationPortraitUpsideDown UIInterfaceOrientationLandscapeLeft UIInterfaceOrientationLandscapeRight";
				INFOPLIST_KEY_UISupportedInterfaceOrientations_iPhone = "UIInterfaceOrientationPortrait UIInterfaceOrientationLandscapeLeft UIInterfaceOrientationLandscapeRight";
				LD_RUNPATH_SEARCH_PATHS = (
					"$(inherited)",
					"@executable_path/Frameworks",
				);
				MARKETING_VERSION = 1.0;
				PRODUCT_BUNDLE_IDENTIFIER = "washu.JakeConniff-Lab3";
				PRODUCT_NAME = "$(TARGET_NAME)";
				SWIFT_EMIT_LOC_STRINGS = YES;
				SWIFT_VERSION = 5.0;
				TARGETED_DEVICE_FAMILY = "1,2";
			};
			name = Debug;
		};
		DCCD415C28EDDD310075FD0F /* Release */ = {
			isa = XCBuildConfiguration;
			buildSettings = {
				ASSETCATALOG_COMPILER_APPICON_NAME = AppIcon;
				ASSETCATALOG_COMPILER_GLOBAL_ACCENT_COLOR_NAME = AccentColor;
				CODE_SIGN_STYLE = Automatic;
				CURRENT_PROJECT_VERSION = 1;
				GENERATE_INFOPLIST_FILE = YES;
				INFOPLIST_FILE = "JakeConniff-Lab3/Info.plist";
				INFOPLIST_KEY_UIApplicationSupportsIndirectInputEvents = YES;
				INFOPLIST_KEY_UILaunchStoryboardName = LaunchScreen;
				INFOPLIST_KEY_UIMainStoryboardFile = Main;
				INFOPLIST_KEY_UISupportedInterfaceOrientations_iPad = "UIInterfaceOrientationPortrait UIInterfaceOrientationPortraitUpsideDown UIInterfaceOrientationLandscapeLeft UIInterfaceOrientationLandscapeRight";
				INFOPLIST_KEY_UISupportedInterfaceOrientations_iPhone = "UIInterfaceOrientationPortrait UIInterfaceOrientationLandscapeLeft UIInterfaceOrientationLandscapeRight";
				LD_RUNPATH_SEARCH_PATHS = (
					"$(inherited)",
					"@executable_path/Frameworks",
				);
				MARKETING_VERSION = 1.0;
				PRODUCT_BUNDLE_IDENTIFIER = "washu.JakeConniff-Lab3";
				PRODUCT_NAME = "$(TARGET_NAME)";
				SWIFT_EMIT_LOC_STRINGS = YES;
				SWIFT_VERSION = 5.0;
				TARGETED_DEVICE_FAMILY = "1,2";
			};
			name = Release;
		};
/* End XCBuildConfiguration section */

/* Begin XCConfigurationList section */
		DCCD414128EDDD2F0075FD0F /* Build configuration list for PBXProject "JakeConniff-Lab3" */ = {
			isa = XCConfigurationList;
			buildConfigurations = (
				DCCD415828EDDD310075FD0F /* Debug */,
				DCCD415928EDDD310075FD0F /* Release */,
			);
			defaultConfigurationIsVisible = 0;
			defaultConfigurationName = Release;
		};
		DCCD415A28EDDD310075FD0F /* Build configuration list for PBXNativeTarget "JakeConniff-Lab3" */ = {
			isa = XCConfigurationList;
			buildConfigurations = (
				DCCD415B28EDDD310075FD0F /* Debug */,
				DCCD415C28EDDD310075FD0F /* Release */,
			);
			defaultConfigurationIsVisible = 0;
			defaultConfigurationName = Release;
		};
/* End XCConfigurationList section */
	};
	rootObject = DCCD413E28EDDD2F0075FD0F /* Project object */;
}
